
Microsoft Visual Studio Solution File, Format Version 12.00
# Visual Studio Version 16
VisualStudioVersion = 16.0.30204.135
MinimumVisualStudioVersion = 10.0.40219.1
Project("{FAE04EC0-301F-11D3-BF4B-00C04F79EFBC}") = "WSTower.App.Android", "WSTower.App\WSTower.App.Android\WSTower.App.Android.csproj", "{80743F71-CB40-4FAA-8545-4676E51A8850}"
EndProject
Project("{FAE04EC0-301F-11D3-BF4B-00C04F79EFBC}") = "WSTower.App", "WSTower.App\WSTower.App\WSTower.App.csproj", "{A17112FD-9CB5-4098-B35E-34AE12E52109}"
EndProject
Global
	GlobalSection(SolutionConfigurationPlatforms) = preSolution
		Debug|Any CPU = Debug|Any CPU
		Release|Any CPU = Release|Any CPU
	EndGlobalSection
	GlobalSection(ProjectConfigurationPlatforms) = postSolution
		{80743F71-CB40-4FAA-8545-4676E51A8850}.Debug|Any CPU.ActiveCfg = Debug|Any CPU
		{80743F71-CB40-4FAA-8545-4676E51A8850}.Debug|Any CPU.Build.0 = Debug|Any CPU
		{80743F71-CB40-4FAA-8545-4676E51A8850}.Debug|Any CPU.Deploy.0 = Debug|Any CPU
		{80743F71-CB40-4FAA-8545-4676E51A8850}.Release|Any CPU.ActiveCfg = Release|Any CPU
		{80743F71-CB40-4FAA-8545-4676E51A8850}.Release|Any CPU.Build.0 = Release|Any CPU
		{80743F71-CB40-4FAA-8545-4676E51A8850}.Release|Any CPU.Deploy.0 = Release|Any CPU
		{A17112FD-9CB5-4098-B35E-34AE12E52109}.Debug|Any CPU.ActiveCfg = Debug|Any CPU
		{A17112FD-9CB5-4098-B35E-34AE12E52109}.Debug|Any CPU.Build.0 = Debug|Any CPU
		{A17112FD-9CB5-4098-B35E-34AE12E52109}.Debug|Any CPU.Deploy.0 = Debug|Any CPU
		{A17112FD-9CB5-4098-B35E-34AE12E52109}.Release|Any CPU.ActiveCfg = Release|Any CPU
		{A17112FD-9CB5-4098-B35E-34AE12E52109}.Release|Any CPU.Build.0 = Release|Any CPU
		{A17112FD-9CB5-4098-B35E-34AE12E52109}.Release|Any CPU.Deploy.0 = Release|Any CPU
	EndGlobalSection
	GlobalSection(SolutionProperties) = preSolution
		HideSolutionNode = FALSE
	EndGlobalSection
	GlobalSection(ExtensibilityGlobals) = postSolution
		SolutionGuid = {355B18DE-25D1-4B88-8718-DD715828D86E}
	EndGlobalSection
EndGlobal
